
Microsoft Visual Studio Solution File, Format Version 12.00
# Visual Studio Version 17
VisualStudioVersion = 17.6.33723.286
MinimumVisualStudioVersion = 10.0.40219.1
Project("{FAE04EC0-301F-11D3-BF4B-00C04F79EFBC}") = "Fiap.Api.Donation1", "Fiap.Api.Donation1\Fiap.Api.Donation1.csproj", "{6E5D30D7-C148-4FC9-BC1F-E4CC6EB709FF}"
EndProject
Global
	GlobalSection(SolutionConfigurationPlatforms) = preSolution
		Debug|Any CPU = Debug|Any CPU
		Release|Any CPU = Release|Any CPU
	EndGlobalSection
	GlobalSection(ProjectConfigurationPlatforms) = postSolution
		{6E5D30D7-C148-4FC9-BC1F-E4CC6EB709FF}.Debug|Any CPU.ActiveCfg = Debug|Any CPU
		{6E5D30D7-C148-4FC9-BC1F-E4CC6EB709FF}.Debug|Any CPU.Build.0 = Debug|Any CPU
		{6E5D30D7-C148-4FC9-BC1F-E4CC6EB709FF}.Release|Any CPU.ActiveCfg = Release|Any CPU
		{6E5D30D7-C148-4FC9-BC1F-E4CC6EB709FF}.Release|Any CPU.Build.0 = Release|Any CPU
	EndGlobalSection
	GlobalSection(SolutionProperties) = preSolution
		HideSolutionNode = FALSE
	EndGlobalSection
	GlobalSection(ExtensibilityGlobals) = postSolution
		SolutionGuid = {57B5BB94-08C5-44C7-9A7E-F57F1036A9E1}
	EndGlobalSection
EndGlobal
